
Microsoft Visual Studio Solution File, Format Version 11.00
# Visual Studio 2010
Project("{FAE04EC0-301F-11D3-BF4B-00C04F79EFBC}") = "QiWi", "Assembly-CSharp-firstpass.csproj", "{EBCC3BFD-20AE-BC02-C5E8-0D8D926A9416}"
EndProject
Project("{FAE04EC0-301F-11D3-BF4B-00C04F79EFBC}") = "QiWi", "Assembly-CSharp.csproj", "{2EE067A4-601B-159A-930A-4785B5F721F2}"
EndProject
Project("{FAE04EC0-301F-11D3-BF4B-00C04F79EFBC}") = "QiWi", "Assembly-CSharp-Editor-firstpass.csproj", "{A9DEEEC7-B0DB-D06C-A319-32F95EB0E564}"
EndProject
Global
	GlobalSection(SolutionConfigurationPlatforms) = preSolution
		Debug|Any CPU = Debug|Any CPU
		Release|Any CPU = Release|Any CPU
	EndGlobalSection
	GlobalSection(ProjectConfigurationPlatforms) = postSolution
		{EBCC3BFD-20AE-BC02-C5E8-0D8D926A9416}.Debug|Any CPU.ActiveCfg = Debug|Any CPU
		{EBCC3BFD-20AE-BC02-C5E8-0D8D926A9416}.Debug|Any CPU.Build.0 = Debug|Any CPU
		{EBCC3BFD-20AE-BC02-C5E8-0D8D926A9416}.Release|Any CPU.ActiveCfg = Release|Any CPU
		{EBCC3BFD-20AE-BC02-C5E8-0D8D926A9416}.Release|Any CPU.Build.0 = Release|Any CPU
		{2EE067A4-601B-159A-930A-4785B5F721F2}.Debug|Any CPU.ActiveCfg = Debug|Any CPU
		{2EE067A4-601B-159A-930A-4785B5F721F2}.Debug|Any CPU.Build.0 = Debug|Any CPU
		{2EE067A4-601B-159A-930A-4785B5F721F2}.Release|Any CPU.ActiveCfg = Release|Any CPU
		{2EE067A4-601B-159A-930A-4785B5F721F2}.Release|Any CPU.Build.0 = Release|Any CPU
		{A9DEEEC7-B0DB-D06C-A319-32F95EB0E564}.Debug|Any CPU.ActiveCfg = Debug|Any CPU
		{A9DEEEC7-B0DB-D06C-A319-32F95EB0E564}.Debug|Any CPU.Build.0 = Debug|Any CPU
		{A9DEEEC7-B0DB-D06C-A319-32F95EB0E564}.Release|Any CPU.ActiveCfg = Release|Any CPU
		{A9DEEEC7-B0DB-D06C-A319-32F95EB0E564}.Release|Any CPU.Build.0 = Release|Any CPU
	EndGlobalSection
	GlobalSection(SolutionProperties) = preSolution
		HideSolutionNode = FALSE
	EndGlobalSection
	GlobalSection(MonoDevelopProperties) = preSolution
		StartupItem = Assembly-CSharp.csproj
	EndGlobalSection
EndGlobal
